// !$*UTF8*$!
{
	archiveVersion = 1;
	classes = {
	};
	objectVersion = 52;
	objects = {

/* Begin PBXBuildFile section */
		BA2F8D92265944D200B3BAA9 /* RIVSPlayerManager.m in Sources */ = {isa = PBXBuildFile; fileRef = BA2F8D8F265944D200B3BAA9 /* RIVSPlayerManager.m */; };
		BA2F8D93265944D200B3BAA9 /* RIVSPlayerView.m in Sources */ = {isa = PBXBuildFile; fileRef = BA2F8D91265944D200B3BAA9 /* RIVSPlayerView.m */; };
		BA2F8D95265944E500B3BAA9 /* AmazonIVSPlayer.xcframework in Frameworks */ = {isa = PBXBuildFile; fileRef = BA2F8D94265944E500B3BAA9 /* AmazonIVSPlayer.xcframework */; };
		BA2F8D982659450700B3BAA9 /* RTMPCameraView.m in Sources */ = {isa = PBXBuildFile; fileRef = BA2F8D972659450700B3BAA9 /* RTMPCameraView.m */; };
		BA2F8D9A2659451C00B3BAA9 /* RTMPCameraManager.m in Sources */ = {isa = PBXBuildFile; fileRef = BA2F8D992659451C00B3BAA9 /* RTMPCameraManager.m */; };
/* End PBXBuildFile section */

/* Begin PBXCopyFilesBuildPhase section */
		BA2F8D7D2658E25300B3BAA9 /* CopyFiles */ = {
			isa = PBXCopyFilesBuildPhase;
			buildActionMask = 2147483647;
			dstPath = "include/$(PRODUCT_NAME)";
			dstSubfolderSpec = 16;
			files = (
			);
			runOnlyForDeploymentPostprocessing = 0;
		};
/* End PBXCopyFilesBuildPhase section */

/* Begin PBXFileReference section */
		BA2F8D7F2658E25300B3BAA9 /* libreact-native-ivs.a */ = {isa = PBXFileReference; explicitFileType = archive.ar; includeInIndex = 0; path = "libreact-native-ivs.a"; sourceTree = BUILT_PRODUCTS_DIR; };
		BA2F8D8F265944D200B3BAA9 /* RIVSPlayerManager.m */ = {isa = PBXFileReference; fileEncoding = 4; lastKnownFileType = sourcecode.c.objc; path = RIVSPlayerManager.m; sourceTree = "<group>"; };
		BA2F8D90265944D200B3BAA9 /* RIVSPlayerView.h */ = {isa = PBXFileReference; fileEncoding = 4; lastKnownFileType = sourcecode.c.h; path = RIVSPlayerView.h; sourceTree = "<group>"; };
		BA2F8D91265944D200B3BAA9 /* RIVSPlayerView.m */ = {isa = PBXFileReference; fileEncoding = 4; lastKnownFileType = sourcecode.c.objc; path = RIVSPlayerView.m; sourceTree = "<group>"; };
		BA2F8D94265944E500B3BAA9 /* AmazonIVSPlayer.xcframework */ = {isa = PBXFileReference; lastKnownFileType = wrapper.xcframework; path = AmazonIVSPlayer.xcframework; sourceTree = "<group>"; };
		BA2F8D962659450700B3BAA9 /* RTMPCameraView.h */ = {isa = PBXFileReference; lastKnownFileType = sourcecode.c.h; path = RTMPCameraView.h; sourceTree = "<group>"; };
		BA2F8D972659450700B3BAA9 /* RTMPCameraView.m */ = {isa = PBXFileReference; lastKnownFileType = sourcecode.c.objc; path = RTMPCameraView.m; sourceTree = "<group>"; };
		BA2F8D992659451C00B3BAA9 /* RTMPCameraManager.m */ = {isa = PBXFileReference; lastKnownFileType = sourcecode.c.objc; path = RTMPCameraManager.m; sourceTree = "<group>"; };
/* End PBXFileReference section */

/* Begin PBXFrameworksBuildPhase section */
		BA2F8D7C2658E25300B3BAA9 /* Frameworks */ = {
			isa = PBXFrameworksBuildPhase;
			buildActionMask = 2147483647;
			files = (
				BA2F8D95265944E500B3BAA9 /* AmazonIVSPlayer.xcframework in Frameworks */,
			);
			runOnlyForDeploymentPostprocessing = 0;
		};
/* End PBXFrameworksBuildPhase section */

/* Begin PBXGroup section */
		BA2F8D762658E25300B3BAA9 = {
			isa = PBXGroup;
			children = (
				BA2F8D992659451C00B3BAA9 /* RTMPCameraManager.m */,
				BA2F8D962659450700B3BAA9 /* RTMPCameraView.h */,
				BA2F8D972659450700B3BAA9 /* RTMPCameraView.m */,
				BA2F8D8F265944D200B3BAA9 /* RIVSPlayerManager.m */,
				BA2F8D90265944D200B3BAA9 /* RIVSPlayerView.h */,
				BA2F8D91265944D200B3BAA9 /* RIVSPlayerView.m */,
				BA2F8D94265944E500B3BAA9 /* AmazonIVSPlayer.xcframework */,
				BA2F8D802658E25300B3BAA9 /* Products */,
			);
			sourceTree = "<group>";
		};
		BA2F8D802658E25300B3BAA9 /* Products */ = {
			isa = PBXGroup;
			children = (
				BA2F8D7F2658E25300B3BAA9 /* libreact-native-ivs.a */,
			);
			name = Products;
			sourceTree = "<group>";
		};
/* End PBXGroup section */

/* Begin PBXNativeTarget section */
		BA2F8D7E2658E25300B3BAA9 /* react-native-ivs */ = {
			isa = PBXNativeTarget;
			buildConfigurationList = BA2F8D862658E25300B3BAA9 /* Build configuration list for PBXNativeTarget "react-native-ivs" */;
			buildPhases = (
				BA2F8D7B2658E25300B3BAA9 /* Sources */,
				BA2F8D7C2658E25300B3BAA9 /* Frameworks */,
				BA2F8D7D2658E25300B3BAA9 /* CopyFiles */,
			);
			buildRules = (
			);
			dependencies = (
			);
			name = "react-native-ivs";
			productName = "react-native-ivs";
			productReference = BA2F8D7F2658E25300B3BAA9 /* libreact-native-ivs.a */;
			productType = "com.apple.product-type.library.static";
		};
/* End PBXNativeTarget section */

/* Begin PBXProject section */
		BA2F8D772658E25300B3BAA9 /* Project object */ = {
			isa = PBXProject;
			attributes = {
				LastSwiftUpdateCheck = 1250;
				LastUpgradeCheck = 1250;
				TargetAttributes = {
					BA2F8D7E2658E25300B3BAA9 = {
						CreatedOnToolsVersion = 12.5;
						LastSwiftMigration = 1250;
					};
				};
			};
			buildConfigurationList = BA2F8D7A2658E25300B3BAA9 /* Build configuration list for PBXProject "react-native-ivs" */;
			compatibilityVersion = "Xcode 9.3";
			developmentRegion = en;
			hasScannedForEncodings = 0;
			knownRegions = (
				en,
				Base,
			);
			mainGroup = BA2F8D762658E25300B3BAA9;
			productRefGroup = BA2F8D802658E25300B3BAA9 /* Products */;
			projectDirPath = "";
			projectRoot = "";
			targets = (
				BA2F8D7E2658E25300B3BAA9 /* react-native-ivs */,
			);
		};
/* End PBXProject section */

/* Begin PBXSourcesBuildPhase section */
		BA2F8D7B2658E25300B3BAA9 /* Sources */ = {
			isa = PBXSourcesBuildPhase;
			buildActionMask = 2147483647;
			files = (
				BA2F8D92265944D200B3BAA9 /* RIVSPlayerManager.m in Sources */,
				BA2F8D9A2659451C00B3BAA9 /* RTMPCameraManager.m in Sources */,
				BA2F8D93265944D200B3BAA9 /* RIVSPlayerView.m in Sources */,
				BA2F8D982659450700B3BAA9 /* RTMPCameraView.m in Sources */,
			);
			runOnlyForDeploymentPostprocessing = 0;
		};
/* End PBXSourcesBuildPhase section */

/* Begin XCBuildConfiguration section */
		BA2F8D842658E25300B3BAA9 /* Debug */ = {
			isa = XCBuildConfiguration;
			buildSettings = {
				ALWAYS_SEARCH_USER_PATHS = NO;
				CLANG_ANALYZER_NONNULL = YES;
				CLANG_ANALYZER_NUMBER_OBJECT_CONVERSION = YES_AGGRESSIVE;
				CLANG_CXX_LANGUAGE_STANDARD = "gnu++14";
				CLANG_CXX_LIBRARY = "libc++";
				CLANG_ENABLE_MODULES = YES;
				CLANG_ENABLE_OBJC_ARC = YES;
				CLANG_ENABLE_OBJC_WEAK = YES;
				CLANG_WARN_BLOCK_CAPTURE_AUTORELEASING = YES;
				CLANG_WARN_BOOL_CONVERSION = YES;
				CLANG_WARN_COMMA = YES;
				CLANG_WARN_CONSTANT_CONVERSION = YES;
				CLANG_WARN_DEPRECATED_OBJC_IMPLEMENTATIONS = YES;
				CLANG_WARN_DIRECT_OBJC_ISA_USAGE = YES_ERROR;
				CLANG_WARN_DOCUMENTATION_COMMENTS = YES;
				CLANG_WARN_EMPTY_BODY = YES;
				CLANG_WARN_ENUM_CONVERSION = YES;
				CLANG_WARN_INFINITE_RECURSION = YES;
				CLANG_WARN_INT_CONVERSION = YES;
				CLANG_WARN_NON_LITERAL_NULL_CONVERSION = YES;
				CLANG_WARN_OBJC_IMPLICIT_RETAIN_SELF = YES;
				CLANG_WARN_OBJC_LITERAL_CONVERSION = YES;
				CLANG_WARN_OBJC_ROOT_CLASS = YES_ERROR;
				CLANG_WARN_QUOTED_INCLUDE_IN_FRAMEWORK_HEADER = YES;
				CLANG_WARN_RANGE_LOOP_ANALYSIS = YES;
				CLANG_WARN_STRICT_PROTOTYPES = YES;
				CLANG_WARN_SUSPICIOUS_MOVE = YES;
				CLANG_WARN_UNGUARDED_AVAILABILITY = YES_AGGRESSIVE;
				CLANG_WARN_UNREACHABLE_CODE = YES;
				CLANG_WARN__DUPLICATE_METHOD_MATCH = YES;
				COPY_PHASE_STRIP = NO;
				DEBUG_INFORMATION_FORMAT = dwarf;
				ENABLE_STRICT_OBJC_MSGSEND = YES;
				ENABLE_TESTABILITY = YES;
				GCC_C_LANGUAGE_STANDARD = gnu11;
				GCC_DYNAMIC_NO_PIC = NO;
				GCC_NO_COMMON_BLOCKS = YES;
				GCC_OPTIMIZATION_LEVEL = 0;
				GCC_PREPROCESSOR_DEFINITIONS = (
					"DEBUG=1",
					"$(inherited)",
				);
				GCC_WARN_64_TO_32_BIT_CONVERSION = YES;
				GCC_WARN_ABOUT_RETURN_TYPE = YES_ERROR;
				GCC_WARN_UNDECLARED_SELECTOR = YES;
				GCC_WARN_UNINITIALIZED_AUTOS = YES_AGGRESSIVE;
				GCC_WARN_UNUSED_FUNCTION = YES;
				GCC_WARN_UNUSED_VARIABLE = YES;
				IPHONEOS_DEPLOYMENT_TARGET = 14.5;
				MTL_ENABLE_DEBUG_INFO = INCLUDE_SOURCE;
				MTL_FAST_MATH = YES;
				ONLY_ACTIVE_ARCH = YES;
				SDKROOT = iphoneos;
				SWIFT_ACTIVE_COMPILATION_CONDITIONS = DEBUG;
				SWIFT_OPTIMIZATION_LEVEL = "-Onone";
			};
			name = Debug;
		};
		BA2F8D852658E25300B3BAA9 /* Release */ = {
			isa = XCBuildConfiguration;
			buildSettings = {
				ALWAYS_SEARCH_USER_PATHS = NO;
				CLANG_ANALYZER_NONNULL = YES;
				CLANG_ANALYZER_NUMBER_OBJECT_CONVERSION = YES_AGGRESSIVE;
				CLANG_CXX_LANGUAGE_STANDARD = "gnu++14";
				CLANG_CXX_LIBRARY = "libc++";
				CLANG_ENABLE_MODULES = YES;
				CLANG_ENABLE_OBJC_ARC = YES;
				CLANG_ENABLE_OBJC_WEAK = YES;
				CLANG_WARN_BLOCK_CAPTURE_AUTORELEASING = YES;
				CLANG_WARN_BOOL_CONVERSION = YES;
				CLANG_WARN_COMMA = YES;
				CLANG_WARN_CONSTANT_CONVERSION = YES;
				CLANG_WARN_DEPRECATED_OBJC_IMPLEMENTATIONS = YES;
				CLANG_WARN_DIRECT_OBJC_ISA_USAGE = YES_ERROR;
				CLANG_WARN_DOCUMENTATION_COMMENTS = YES;
				CLANG_WARN_EMPTY_BODY = YES;
				CLANG_WARN_ENUM_CONVERSION = YES;
				CLANG_WARN_INFINITE_RECURSION = YES;
				CLANG_WARN_INT_CONVERSION = YES;
				CLANG_WARN_NON_LITERAL_NULL_CONVERSION = YES;
				CLANG_WARN_OBJC_IMPLICIT_RETAIN_SELF = YES;
				CLANG_WARN_OBJC_LITERAL_CONVERSION = YES;
				CLANG_WARN_OBJC_ROOT_CLASS = YES_ERROR;
				CLANG_WARN_QUOTED_INCLUDE_IN_FRAMEWORK_HEADER = YES;
				CLANG_WARN_RANGE_LOOP_ANALYSIS = YES;
				CLANG_WARN_STRICT_PROTOTYPES = YES;
				CLANG_WARN_SUSPICIOUS_MOVE = YES;
				CLANG_WARN_UNGUARDED_AVAILABILITY = YES_AGGRESSIVE;
				CLANG_WARN_UNREACHABLE_CODE = YES;
				CLANG_WARN__DUPLICATE_METHOD_MATCH = YES;
				COPY_PHASE_STRIP = NO;
				DEBUG_INFORMATION_FORMAT = "dwarf-with-dsym";
				ENABLE_NS_ASSERTIONS = NO;
				ENABLE_STRICT_OBJC_MSGSEND = YES;
				GCC_C_LANGUAGE_STANDARD = gnu11;
				GCC_NO_COMMON_BLOCKS = YES;
				GCC_WARN_64_TO_32_BIT_CONVERSION = YES;
				GCC_WARN_ABOUT_RETURN_TYPE = YES_ERROR;
				GCC_WARN_UNDECLARED_SELECTOR = YES;
				GCC_WARN_UNINITIALIZED_AUTOS = YES_AGGRESSIVE;
				GCC_WARN_UNUSED_FUNCTION = YES;
				GCC_WARN_UNUSED_VARIABLE = YES;
				IPHONEOS_DEPLOYMENT_TARGET = 14.5;
				MTL_ENABLE_DEBUG_INFO = NO;
				MTL_FAST_MATH = YES;
				SDKROOT = iphoneos;
				SWIFT_COMPILATION_MODE = wholemodule;
				SWIFT_OPTIMIZATION_LEVEL = "-O";
				VALIDATE_PRODUCT = YES;
			};
			name = Release;
		};
		BA2F8D872658E25300B3BAA9 /* Debug */ = {
			isa = XCBuildConfiguration;
			buildSettings = {
				CLANG_ENABLE_MODULES = YES;
				CODE_SIGN_STYLE = Automatic;
				LD_RUNPATH_SEARCH_PATHS = (
					"$(inherited)",
					"@executable_path/Frameworks",
					"@loader_path/Frameworks",
				);
				OTHER_LDFLAGS = "-ObjC";
				PRODUCT_NAME = "$(TARGET_NAME)";
				SKIP_INSTALL = YES;
				SWIFT_OBJC_BRIDGING_HEADER = "react-native-ivs-Bridging-Header.h";
				SWIFT_OPTIMIZATION_LEVEL = "-Onone";
				SWIFT_VERSION = 5.0;
				TARGETED_DEVICE_FAMILY = "1,2";
			};
			name = Debug;
		};
		BA2F8D882658E25300B3BAA9 /* Release */ = {
			isa = XCBuildConfiguration;
			buildSettings = {
				CLANG_ENABLE_MODULES = YES;
				CODE_SIGN_STYLE = Automatic;
				LD_RUNPATH_SEARCH_PATHS = (
					"$(inherited)",
					"@executable_path/Frameworks",
					"@loader_path/Frameworks",
				);
				OTHER_LDFLAGS = "-ObjC";
				PRODUCT_NAME = "$(TARGET_NAME)";
				SKIP_INSTALL = YES;
				SWIFT_OBJC_BRIDGING_HEADER = "react-native-ivs-Bridging-Header.h";
				SWIFT_VERSION = 5.0;
				TARGETED_DEVICE_FAMILY = "1,2";
			};
			name = Release;
		};
/* End XCBuildConfiguration section */

/* Begin XCConfigurationList section */
		BA2F8D7A2658E25300B3BAA9 /* Build configuration list for PBXProject "react-native-ivs" */ = {
			isa = XCConfigurationList;
			buildConfigurations = (
				BA2F8D842658E25300B3BAA9 /* Debug */,
				BA2F8D852658E25300B3BAA9 /* Release */,
			);
			defaultConfigurationIsVisible = 0;
			defaultConfigurationName = Release;
		};
		BA2F8D862658E25300B3BAA9 /* Build configuration list for PBXNativeTarget "react-native-ivs" */ = {
			isa = XCConfigurationList;
			buildConfigurations = (
				BA2F8D872658E25300B3BAA9 /* Debug */,
				BA2F8D882658E25300B3BAA9 /* Release */,
			);
			defaultConfigurationIsVisible = 0;
			defaultConfigurationName = Release;
		};
/* End XCConfigurationList section */
	};
	rootObject = BA2F8D772658E25300B3BAA9 /* Project object */;
}
